
Microsoft Visual Studio Solution File, Format Version 12.00
# Visual Studio Version 16
VisualStudioVersion = 16.0.29409.12
MinimumVisualStudioVersion = 10.0.40219.1
Project("{FAE04EC0-301F-11D3-BF4B-00C04F79EFBC}") = "AnimalHouse_GUI", "AnimalHouse GUI\AnimalHouse_GUI.csproj", "{B718EFA0-E29E-482C-A335-3AAD51B52FCF}"
EndProject
Project("{FAE04EC0-301F-11D3-BF4B-00C04F79EFBC}") = "AnimalHouseDB", "AnimalHouseDB\AnimalHouseDB.csproj", "{FA47EC7D-BEAB-49D3-A467-E7DAD25AB13D}"
EndProject
Project("{FAE04EC0-301F-11D3-BF4B-00C04F79EFBC}") = "AnimaleHouseModel", "AnimaleHouseModel\AnimaleHouseModel.csproj", "{1269935A-78A6-46BD-939D-6729051FE282}"
EndProject
Project("{FAE04EC0-301F-11D3-BF4B-00C04F79EFBC}") = "AnimalHouse_Entities", "System Entities\AnimalHouse_Entities.csproj", "{C3032E28-CAF4-4537-ADA4-FFB47C6B06F7}"
EndProject
Project("{FAE04EC0-301F-11D3-BF4B-00C04F79EFBC}") = "AnimalHouseBLL", "AnimalHouseBLL\AnimalHouseBLL.csproj", "{BB4B345F-39AF-49EB-837F-E0368802E375}"
EndProject
Project("{FAE04EC0-301F-11D3-BF4B-00C04F79EFBC}") = "UnitTest", "UnitTest\UnitTest.csproj", "{C64035CC-8DBE-47D0-8243-4566761C92FF}"
EndProject
Global
	GlobalSection(SolutionConfigurationPlatforms) = preSolution
		Debug|Any CPU = Debug|Any CPU
		Release|Any CPU = Release|Any CPU
	EndGlobalSection
	GlobalSection(ProjectConfigurationPlatforms) = postSolution
		{B718EFA0-E29E-482C-A335-3AAD51B52FCF}.Debug|Any CPU.ActiveCfg = Debug|Any CPU
		{B718EFA0-E29E-482C-A335-3AAD51B52FCF}.Debug|Any CPU.Build.0 = Debug|Any CPU
		{B718EFA0-E29E-482C-A335-3AAD51B52FCF}.Release|Any CPU.ActiveCfg = Release|Any CPU
		{B718EFA0-E29E-482C-A335-3AAD51B52FCF}.Release|Any CPU.Build.0 = Release|Any CPU
		{FA47EC7D-BEAB-49D3-A467-E7DAD25AB13D}.Debug|Any CPU.ActiveCfg = Debug|Any CPU
		{FA47EC7D-BEAB-49D3-A467-E7DAD25AB13D}.Debug|Any CPU.Build.0 = Debug|Any CPU
		{FA47EC7D-BEAB-49D3-A467-E7DAD25AB13D}.Release|Any CPU.ActiveCfg = Release|Any CPU
		{FA47EC7D-BEAB-49D3-A467-E7DAD25AB13D}.Release|Any CPU.Build.0 = Release|Any CPU
		{1269935A-78A6-46BD-939D-6729051FE282}.Debug|Any CPU.ActiveCfg = Debug|Any CPU
		{1269935A-78A6-46BD-939D-6729051FE282}.Debug|Any CPU.Build.0 = Debug|Any CPU
		{1269935A-78A6-46BD-939D-6729051FE282}.Release|Any CPU.ActiveCfg = Release|Any CPU
		{1269935A-78A6-46BD-939D-6729051FE282}.Release|Any CPU.Build.0 = Release|Any CPU
		{C3032E28-CAF4-4537-ADA4-FFB47C6B06F7}.Debug|Any CPU.ActiveCfg = Debug|Any CPU
		{C3032E28-CAF4-4537-ADA4-FFB47C6B06F7}.Debug|Any CPU.Build.0 = Debug|Any CPU
		{C3032E28-CAF4-4537-ADA4-FFB47C6B06F7}.Release|Any CPU.ActiveCfg = Release|Any CPU
		{C3032E28-CAF4-4537-ADA4-FFB47C6B06F7}.Release|Any CPU.Build.0 = Release|Any CPU
		{BB4B345F-39AF-49EB-837F-E0368802E375}.Debug|Any CPU.ActiveCfg = Debug|Any CPU
		{BB4B345F-39AF-49EB-837F-E0368802E375}.Debug|Any CPU.Build.0 = Debug|Any CPU
		{BB4B345F-39AF-49EB-837F-E0368802E375}.Release|Any CPU.ActiveCfg = Release|Any CPU
		{BB4B345F-39AF-49EB-837F-E0368802E375}.Release|Any CPU.Build.0 = Release|Any CPU
		{C64035CC-8DBE-47D0-8243-4566761C92FF}.Debug|Any CPU.ActiveCfg = Debug|Any CPU
		{C64035CC-8DBE-47D0-8243-4566761C92FF}.Debug|Any CPU.Build.0 = Debug|Any CPU
		{C64035CC-8DBE-47D0-8243-4566761C92FF}.Release|Any CPU.ActiveCfg = Release|Any CPU
		{C64035CC-8DBE-47D0-8243-4566761C92FF}.Release|Any CPU.Build.0 = Release|Any CPU
	EndGlobalSection
	GlobalSection(SolutionProperties) = preSolution
		HideSolutionNode = FALSE
	EndGlobalSection
	GlobalSection(ExtensibilityGlobals) = postSolution
		SolutionGuid = {F4C51710-8A05-46E7-9198-739D950808BE}
	EndGlobalSection
EndGlobal
